
Microsoft Visual Studio Solution File, Format Version 12.00
# Visual Studio Version 17
VisualStudioVersion = 17.9.34728.123
MinimumVisualStudioVersion = 10.0.40219.1
Project("{FAE04EC0-301F-11D3-BF4B-00C04F79EFBC}") = "Jugendretter_API", "Jugendretter_API\Jugendretter_API.csproj", "{FCB23845-861E-4EA0-85FD-CAC272AAB08D}"
EndProject
Project("{FAE04EC0-301F-11D3-BF4B-00C04F79EFBC}") = "Jugendretter_API.Entities", "Jugendretter_API.Entities\Jugendretter_API.Entities.csproj", "{234EE3E4-C796-452A-BA15-64A58EA5AE4A}"
EndProject
Project("{FAE04EC0-301F-11D3-BF4B-00C04F79EFBC}") = "Jugendretter_API.Repository", "Jugendretter_API.Repository\Jugendretter_API.Repository.csproj", "{37FA5F25-BBF9-46FC-A4D9-C479070F43C1}"
EndProject
Project("{FAE04EC0-301F-11D3-BF4B-00C04F79EFBC}") = "Jugendretter_API.Contracts", "Jugendretter_API.Contracts\Jugendretter_API.Contracts.csproj", "{E9A69D25-8C16-4BF7-8E01-86B53C9D96DD}"
EndProject
Project("{FAE04EC0-301F-11D3-BF4B-00C04F79EFBC}") = "Jugendretter_API.LoggerService", "Jugendretter_API.LoggerService\Jugendretter_API.LoggerService.csproj", "{82C21BE1-4E3C-49AF-A04D-1DCB126C27BA}"
EndProject
Global
	GlobalSection(SolutionConfigurationPlatforms) = preSolution
		Debug|Any CPU = Debug|Any CPU
		Release|Any CPU = Release|Any CPU
	EndGlobalSection
	GlobalSection(ProjectConfigurationPlatforms) = postSolution
		{FCB23845-861E-4EA0-85FD-CAC272AAB08D}.Debug|Any CPU.ActiveCfg = Debug|Any CPU
		{FCB23845-861E-4EA0-85FD-CAC272AAB08D}.Debug|Any CPU.Build.0 = Debug|Any CPU
		{FCB23845-861E-4EA0-85FD-CAC272AAB08D}.Release|Any CPU.ActiveCfg = Release|Any CPU
		{FCB23845-861E-4EA0-85FD-CAC272AAB08D}.Release|Any CPU.Build.0 = Release|Any CPU
		{234EE3E4-C796-452A-BA15-64A58EA5AE4A}.Debug|Any CPU.ActiveCfg = Debug|Any CPU
		{234EE3E4-C796-452A-BA15-64A58EA5AE4A}.Debug|Any CPU.Build.0 = Debug|Any CPU
		{234EE3E4-C796-452A-BA15-64A58EA5AE4A}.Release|Any CPU.ActiveCfg = Release|Any CPU
		{234EE3E4-C796-452A-BA15-64A58EA5AE4A}.Release|Any CPU.Build.0 = Release|Any CPU
		{37FA5F25-BBF9-46FC-A4D9-C479070F43C1}.Debug|Any CPU.ActiveCfg = Debug|Any CPU
		{37FA5F25-BBF9-46FC-A4D9-C479070F43C1}.Debug|Any CPU.Build.0 = Debug|Any CPU
		{37FA5F25-BBF9-46FC-A4D9-C479070F43C1}.Release|Any CPU.ActiveCfg = Release|Any CPU
		{37FA5F25-BBF9-46FC-A4D9-C479070F43C1}.Release|Any CPU.Build.0 = Release|Any CPU
		{E9A69D25-8C16-4BF7-8E01-86B53C9D96DD}.Debug|Any CPU.ActiveCfg = Debug|Any CPU
		{E9A69D25-8C16-4BF7-8E01-86B53C9D96DD}.Debug|Any CPU.Build.0 = Debug|Any CPU
		{E9A69D25-8C16-4BF7-8E01-86B53C9D96DD}.Release|Any CPU.ActiveCfg = Release|Any CPU
		{E9A69D25-8C16-4BF7-8E01-86B53C9D96DD}.Release|Any CPU.Build.0 = Release|Any CPU
		{82C21BE1-4E3C-49AF-A04D-1DCB126C27BA}.Debug|Any CPU.ActiveCfg = Debug|Any CPU
		{82C21BE1-4E3C-49AF-A04D-1DCB126C27BA}.Debug|Any CPU.Build.0 = Debug|Any CPU
		{82C21BE1-4E3C-49AF-A04D-1DCB126C27BA}.Release|Any CPU.ActiveCfg = Release|Any CPU
		{82C21BE1-4E3C-49AF-A04D-1DCB126C27BA}.Release|Any CPU.Build.0 = Release|Any CPU
	EndGlobalSection
	GlobalSection(SolutionProperties) = preSolution
		HideSolutionNode = FALSE
	EndGlobalSection
	GlobalSection(ExtensibilityGlobals) = postSolution
		SolutionGuid = {3202DB4B-3010-48DE-9391-E32F766606F5}
	EndGlobalSection
EndGlobal
